// !$*UTF8*$!
{
	archiveVersion = 1;
	classes = {
	};
	objectVersion = 48;
	objects = {

/* Begin PBXBuildFile section */
		36CA9F5425CAAD9A31FAE236 /* Pods_Mampf.framework in Frameworks */ = {isa = PBXBuildFile; fileRef = B0E002648CF2DF1CCA7BD815 /* Pods_Mampf.framework */; };
		ED1146A01FB8C88A001615C7 /* FoodTypeVC.swift in Sources */ = {isa = PBXBuildFile; fileRef = ED11469F1FB8C88A001615C7 /* FoodTypeVC.swift */; };
		ED1146A31FB8CB67001615C7 /* food.swift in Sources */ = {isa = PBXBuildFile; fileRef = ED1146A21FB8CB67001615C7 /* food.swift */; };
		ED8E48181FB8C30F00BB33FB /* roundButton.swift in Sources */ = {isa = PBXBuildFile; fileRef = ED8E48171FB8C30F00BB33FB /* roundButton.swift */; };
		EDD0C5401FB9BDC7009D5B7A /* BudgetVC.swift in Sources */ = {isa = PBXBuildFile; fileRef = EDD0C53F1FB9BDC7009D5B7A /* BudgetVC.swift */; };
		EDD0C5421FB9DBC8009D5B7A /* BudgetSelectVC.swift in Sources */ = {isa = PBXBuildFile; fileRef = EDD0C5411FB9DBC8009D5B7A /* BudgetSelectVC.swift */; };
		FC0313FB1FACCA9C004B4D6B /* ResultsVC.swift in Sources */ = {isa = PBXBuildFile; fileRef = FC0313FA1FACCA9C004B4D6B /* ResultsVC.swift */; };
		FC8CB3171F99F27400E29DE7 /* AppDelegate.swift in Sources */ = {isa = PBXBuildFile; fileRef = FC8CB3161F99F27400E29DE7 /* AppDelegate.swift */; };
		FC8CB3191F99F27400E29DE7 /* ViewController.swift in Sources */ = {isa = PBXBuildFile; fileRef = FC8CB3181F99F27400E29DE7 /* ViewController.swift */; };
		FC8CB31C1F99F27400E29DE7 /* Main.storyboard in Resources */ = {isa = PBXBuildFile; fileRef = FC8CB31A1F99F27400E29DE7 /* Main.storyboard */; };
		FC8CB31E1F99F27400E29DE7 /* Assets.xcassets in Resources */ = {isa = PBXBuildFile; fileRef = FC8CB31D1F99F27400E29DE7 /* Assets.xcassets */; };
		FC8CB3211F99F27400E29DE7 /* LaunchScreen.storyboard in Resources */ = {isa = PBXBuildFile; fileRef = FC8CB31F1F99F27400E29DE7 /* LaunchScreen.storyboard */; };
		FC8CB3291F99F3DA00E29DE7 /* GoogleService-Info.plist in Resources */ = {isa = PBXBuildFile; fileRef = FC8CB3281F99F3DA00E29DE7 /* GoogleService-Info.plist */; };
/* End PBXBuildFile section */

/* Begin PBXFileReference section */
		B0E002648CF2DF1CCA7BD815 /* Pods_Mampf.framework */ = {isa = PBXFileReference; explicitFileType = wrapper.framework; includeInIndex = 0; path = Pods_Mampf.framework; sourceTree = BUILT_PRODUCTS_DIR; };
		D7877E665C8B5C7B3631A14C /* Pods-Mampf.debug.xcconfig */ = {isa = PBXFileReference; includeInIndex = 1; lastKnownFileType = text.xcconfig; name = "Pods-Mampf.debug.xcconfig"; path = "Pods/Target Support Files/Pods-Mampf/Pods-Mampf.debug.xcconfig"; sourceTree = "<group>"; };
		E75B6AF85BD9A979A9AD5C1D /* Pods-Mampf.release.xcconfig */ = {isa = PBXFileReference; includeInIndex = 1; lastKnownFileType = text.xcconfig; name = "Pods-Mampf.release.xcconfig"; path = "Pods/Target Support Files/Pods-Mampf/Pods-Mampf.release.xcconfig"; sourceTree = "<group>"; };
		ED11469F1FB8C88A001615C7 /* FoodTypeVC.swift */ = {isa = PBXFileReference; lastKnownFileType = sourcecode.swift; path = FoodTypeVC.swift; sourceTree = "<group>"; };
		ED1146A21FB8CB67001615C7 /* food.swift */ = {isa = PBXFileReference; lastKnownFileType = sourcecode.swift; path = food.swift; sourceTree = "<group>"; };
		ED8E48171FB8C30F00BB33FB /* roundButton.swift */ = {isa = PBXFileReference; lastKnownFileType = sourcecode.swift; path = roundButton.swift; sourceTree = "<group>"; };
		EDD0C53F1FB9BDC7009D5B7A /* BudgetVC.swift */ = {isa = PBXFileReference; lastKnownFileType = sourcecode.swift; path = BudgetVC.swift; sourceTree = "<group>"; };
		EDD0C5411FB9DBC8009D5B7A /* BudgetSelectVC.swift */ = {isa = PBXFileReference; lastKnownFileType = sourcecode.swift; path = BudgetSelectVC.swift; sourceTree = "<group>"; };
		FC0313FA1FACCA9C004B4D6B /* ResultsVC.swift */ = {isa = PBXFileReference; lastKnownFileType = sourcecode.swift; path = ResultsVC.swift; sourceTree = "<group>"; };
		FC8CB3131F99F27400E29DE7 /* Mampf.app */ = {isa = PBXFileReference; includeInIndex = 0; lastKnownFileType = wrapper.application; path = Mampf.app; sourceTree = BUILT_PRODUCTS_DIR; };
		FC8CB3161F99F27400E29DE7 /* AppDelegate.swift */ = {isa = PBXFileReference; lastKnownFileType = sourcecode.swift; path = AppDelegate.swift; sourceTree = "<group>"; };
		FC8CB3181F99F27400E29DE7 /* ViewController.swift */ = {isa = PBXFileReference; lastKnownFileType = sourcecode.swift; path = ViewController.swift; sourceTree = "<group>"; };
		FC8CB31B1F99F27400E29DE7 /* Base */ = {isa = PBXFileReference; lastKnownFileType = file.storyboard; name = Base; path = Base.lproj/Main.storyboard; sourceTree = "<group>"; };
		FC8CB31D1F99F27400E29DE7 /* Assets.xcassets */ = {isa = PBXFileReference; lastKnownFileType = folder.assetcatalog; path = Assets.xcassets; sourceTree = "<group>"; };
		FC8CB3201F99F27400E29DE7 /* Base */ = {isa = PBXFileReference; lastKnownFileType = file.storyboard; name = Base; path = Base.lproj/LaunchScreen.storyboard; sourceTree = "<group>"; };
		FC8CB3221F99F27400E29DE7 /* Info.plist */ = {isa = PBXFileReference; lastKnownFileType = text.plist.xml; path = Info.plist; sourceTree = "<group>"; };
		FC8CB3281F99F3DA00E29DE7 /* GoogleService-Info.plist */ = {isa = PBXFileReference; fileEncoding = 4; lastKnownFileType = text.plist.xml; path = "GoogleService-Info.plist"; sourceTree = "<group>"; };
/* End PBXFileReference section */

/* Begin PBXFrameworksBuildPhase section */
		FC8CB3101F99F27400E29DE7 /* Frameworks */ = {
			isa = PBXFrameworksBuildPhase;
			buildActionMask = 2147483647;
			files = (
				36CA9F5425CAAD9A31FAE236 /* Pods_Mampf.framework in Frameworks */,
			);
			runOnlyForDeploymentPostprocessing = 0;
		};
/* End PBXFrameworksBuildPhase section */

/* Begin PBXGroup section */
		0F65FAC7DD4F3F46DE3F694E /* Frameworks */ = {
			isa = PBXGroup;
			children = (
				B0E002648CF2DF1CCA7BD815 /* Pods_Mampf.framework */,
			);
			name = Frameworks;
			sourceTree = "<group>";
		};
		4D0266501CC05E409C80E69E /* Pods */ = {
			isa = PBXGroup;
			children = (
				D7877E665C8B5C7B3631A14C /* Pods-Mampf.debug.xcconfig */,
				E75B6AF85BD9A979A9AD5C1D /* Pods-Mampf.release.xcconfig */,
			);
			name = Pods;
			sourceTree = "<group>";
		};
		ED1146A11FB8CB4B001615C7 /* Models */ = {
			isa = PBXGroup;
			children = (
				ED1146A21FB8CB67001615C7 /* food.swift */,
			);
			name = Models;
			path = /Users/robmurray/Desktop/Mampf/Models;
			sourceTree = "<absolute>";
		};
		FC8CB30A1F99F27400E29DE7 = {
			isa = PBXGroup;
			children = (
				FC8CB3151F99F27400E29DE7 /* Mampf */,
				FC8CB3141F99F27400E29DE7 /* Products */,
				4D0266501CC05E409C80E69E /* Pods */,
				0F65FAC7DD4F3F46DE3F694E /* Frameworks */,
			);
			sourceTree = "<group>";
		};
		FC8CB3141F99F27400E29DE7 /* Products */ = {
			isa = PBXGroup;
			children = (
				FC8CB3131F99F27400E29DE7 /* Mampf.app */,
			);
			name = Products;
			sourceTree = "<group>";
		};
		FC8CB3151F99F27400E29DE7 /* Mampf */ = {
			isa = PBXGroup;
			children = (
				ED1146A11FB8CB4B001615C7 /* Models */,
				ED8E48171FB8C30F00BB33FB /* roundButton.swift */,
				FC8CB3161F99F27400E29DE7 /* AppDelegate.swift */,
				FC8CB3181F99F27400E29DE7 /* ViewController.swift */,
				FC0313FA1FACCA9C004B4D6B /* ResultsVC.swift */,
				FC8CB31A1F99F27400E29DE7 /* Main.storyboard */,
				FC8CB31D1F99F27400E29DE7 /* Assets.xcassets */,
				FC8CB31F1F99F27400E29DE7 /* LaunchScreen.storyboard */,
				FC8CB3221F99F27400E29DE7 /* Info.plist */,
				FC8CB3281F99F3DA00E29DE7 /* GoogleService-Info.plist */,
				ED11469F1FB8C88A001615C7 /* FoodTypeVC.swift */,
				EDD0C53F1FB9BDC7009D5B7A /* BudgetVC.swift */,
				EDD0C5411FB9DBC8009D5B7A /* BudgetSelectVC.swift */,
			);
			name = Mampf;
			path = /Users/robmurray/Desktop/Mampf;
			sourceTree = "<absolute>";
		};
/* End PBXGroup section */

/* Begin PBXNativeTarget section */
		FC8CB3121F99F27400E29DE7 /* Mampf */ = {
			isa = PBXNativeTarget;
			buildConfigurationList = FC8CB3251F99F27400E29DE7 /* Build configuration list for PBXNativeTarget "Mampf" */;
			buildPhases = (
				C3C5BB087A8646855C498D73 /* [CP] Check Pods Manifest.lock */,
				FC8CB30F1F99F27400E29DE7 /* Sources */,
				FC8CB3101F99F27400E29DE7 /* Frameworks */,
				FC8CB3111F99F27400E29DE7 /* Resources */,
				B4DECEFF55F06DA228AF89AF /* [CP] Embed Pods Frameworks */,
				D4203D15E97BC1A45D68C7FA /* [CP] Copy Pods Resources */,
			);
			buildRules = (
			);
			dependencies = (
			);
			name = Mampf;
			productName = Mampf;
			productReference = FC8CB3131F99F27400E29DE7 /* Mampf.app */;
			productType = "com.apple.product-type.application";
		};
/* End PBXNativeTarget section */

/* Begin PBXProject section */
		FC8CB30B1F99F27400E29DE7 /* Project object */ = {
			isa = PBXProject;
			attributes = {
				LastSwiftUpdateCheck = 0900;
				LastUpgradeCheck = 0900;
				ORGANIZATIONNAME = "Arlette Hugi";
				TargetAttributes = {
					FC8CB3121F99F27400E29DE7 = {
						CreatedOnToolsVersion = 9.0.1;
						ProvisioningStyle = Automatic;
					};
				};
			};
			buildConfigurationList = FC8CB30E1F99F27400E29DE7 /* Build configuration list for PBXProject "Mampf" */;
			compatibilityVersion = "Xcode 8.0";
			developmentRegion = en;
			hasScannedForEncodings = 0;
			knownRegions = (
				en,
				Base,
			);
			mainGroup = FC8CB30A1F99F27400E29DE7;
			productRefGroup = FC8CB3141F99F27400E29DE7 /* Products */;
			projectDirPath = "";
			projectRoot = "";
			targets = (
				FC8CB3121F99F27400E29DE7 /* Mampf */,
			);
		};
/* End PBXProject section */

/* Begin PBXResourcesBuildPhase section */
		FC8CB3111F99F27400E29DE7 /* Resources */ = {
			isa = PBXResourcesBuildPhase;
			buildActionMask = 2147483647;
			files = (
				FC8CB3211F99F27400E29DE7 /* LaunchScreen.storyboard in Resources */,
				FC8CB31E1F99F27400E29DE7 /* Assets.xcassets in Resources */,
				FC8CB3291F99F3DA00E29DE7 /* GoogleService-Info.plist in Resources */,
				FC8CB31C1F99F27400E29DE7 /* Main.storyboard in Resources */,
			);
			runOnlyForDeploymentPostprocessing = 0;
		};
/* End PBXResourcesBuildPhase section */

/* Begin PBXShellScriptBuildPhase section */
		B4DECEFF55F06DA228AF89AF /* [CP] Embed Pods Frameworks */ = {
			isa = PBXShellScriptBuildPhase;
			buildActionMask = 2147483647;
			files = (
			);
			inputPaths = (
				"${SRCROOT}/Pods/Target Support Files/Pods-Mampf/Pods-Mampf-frameworks.sh",
				"${BUILT_PRODUCTS_DIR}/GTMSessionFetcher/GTMSessionFetcher.framework",
				"${BUILT_PRODUCTS_DIR}/GoogleToolboxForMac/GoogleToolboxForMac.framework",
				"${BUILT_PRODUCTS_DIR}/leveldb-library/leveldb.framework",
				"${BUILT_PRODUCTS_DIR}/nanopb/nanopb.framework",
			);
			name = "[CP] Embed Pods Frameworks";
			outputPaths = (
				"${TARGET_BUILD_DIR}/${FRAMEWORKS_FOLDER_PATH}/GTMSessionFetcher.framework",
				"${TARGET_BUILD_DIR}/${FRAMEWORKS_FOLDER_PATH}/GoogleToolboxForMac.framework",
				"${TARGET_BUILD_DIR}/${FRAMEWORKS_FOLDER_PATH}/leveldb.framework",
				"${TARGET_BUILD_DIR}/${FRAMEWORKS_FOLDER_PATH}/nanopb.framework",
			);
			runOnlyForDeploymentPostprocessing = 0;
			shellPath = /bin/sh;
			shellScript = "\"${SRCROOT}/Pods/Target Support Files/Pods-Mampf/Pods-Mampf-frameworks.sh\"\n";
			showEnvVarsInLog = 0;
		};
		C3C5BB087A8646855C498D73 /* [CP] Check Pods Manifest.lock */ = {
			isa = PBXShellScriptBuildPhase;
			buildActionMask = 2147483647;
			files = (
			);
			inputPaths = (
				"${PODS_PODFILE_DIR_PATH}/Podfile.lock",
				"${PODS_ROOT}/Manifest.lock",
			);
			name = "[CP] Check Pods Manifest.lock";
			outputPaths = (
				"$(DERIVED_FILE_DIR)/Pods-Mampf-checkManifestLockResult.txt",
			);
			runOnlyForDeploymentPostprocessing = 0;
			shellPath = /bin/sh;
			shellScript = "diff \"${PODS_ROOT}/../Podfile.lock\" \"${PODS_ROOT}/Manifest.lock\" > /dev/null\nif [ $? != 0 ] ; then\n    # print error to STDERR\n    echo \"error: The sandbox is not in sync with the Podfile.lock. Run 'pod install' or update your CocoaPods installation.\" >&2\n    exit 1\nfi\n";
			showEnvVarsInLog = 0;
		};
		D4203D15E97BC1A45D68C7FA /* [CP] Copy Pods Resources */ = {
			isa = PBXShellScriptBuildPhase;
			buildActionMask = 2147483647;
			files = (
			);
			inputPaths = (
			);
			name = "[CP] Copy Pods Resources";
			outputPaths = (
			);
			runOnlyForDeploymentPostprocessing = 0;
			shellPath = /bin/sh;
			shellScript = "\"${SRCROOT}/Pods/Target Support Files/Pods-Mampf/Pods-Mampf-resources.sh\"\n";
			showEnvVarsInLog = 0;
		};
/* End PBXShellScriptBuildPhase section */

/* Begin PBXSourcesBuildPhase section */
		FC8CB30F1F99F27400E29DE7 /* Sources */ = {
			isa = PBXSourcesBuildPhase;
			buildActionMask = 2147483647;
			files = (
				ED8E48181FB8C30F00BB33FB /* roundButton.swift in Sources */,
				FC8CB3191F99F27400E29DE7 /* ViewController.swift in Sources */,
				EDD0C5401FB9BDC7009D5B7A /* BudgetVC.swift in Sources */,
				EDD0C5421FB9DBC8009D5B7A /* BudgetSelectVC.swift in Sources */,
				FC0313FB1FACCA9C004B4D6B /* ResultsVC.swift in Sources */,
				FC8CB3171F99F27400E29DE7 /* AppDelegate.swift in Sources */,
				ED1146A01FB8C88A001615C7 /* FoodTypeVC.swift in Sources */,
				ED1146A31FB8CB67001615C7 /* food.swift in Sources */,
			);
			runOnlyForDeploymentPostprocessing = 0;
		};
/* End PBXSourcesBuildPhase section */

/* Begin PBXVariantGroup section */
		FC8CB31A1F99F27400E29DE7 /* Main.storyboard */ = {
			isa = PBXVariantGroup;
			children = (
				FC8CB31B1F99F27400E29DE7 /* Base */,
			);
			name = Main.storyboard;
			sourceTree = "<group>";
		};
		FC8CB31F1F99F27400E29DE7 /* LaunchScreen.storyboard */ = {
			isa = PBXVariantGroup;
			children = (
				FC8CB3201F99F27400E29DE7 /* Base */,
			);
			name = LaunchScreen.storyboard;
			sourceTree = "<group>";
		};
/* End PBXVariantGroup section */

/* Begin XCBuildConfiguration section */
		FC8CB3231F99F27400E29DE7 /* Debug */ = {
			isa = XCBuildConfiguration;
			buildSettings = {
				ALWAYS_SEARCH_USER_PATHS = NO;
				CLANG_ANALYZER_NONNULL = YES;
				CLANG_ANALYZER_NUMBER_OBJECT_CONVERSION = YES_AGGRESSIVE;
				CLANG_CXX_LANGUAGE_STANDARD = "gnu++14";
				CLANG_CXX_LIBRARY = "libc++";
				CLANG_ENABLE_MODULES = YES;
				CLANG_ENABLE_OBJC_ARC = YES;
				CLANG_WARN_BLOCK_CAPTURE_AUTORELEASING = YES;
				CLANG_WARN_BOOL_CONVERSION = YES;
				CLANG_WARN_COMMA = YES;
				CLANG_WARN_CONSTANT_CONVERSION = YES;
				CLANG_WARN_DIRECT_OBJC_ISA_USAGE = YES_ERROR;
				CLANG_WARN_DOCUMENTATION_COMMENTS = YES;
				CLANG_WARN_EMPTY_BODY = YES;
				CLANG_WARN_ENUM_CONVERSION = YES;
				CLANG_WARN_INFINITE_RECURSION = YES;
				CLANG_WARN_INT_CONVERSION = YES;
				CLANG_WARN_NON_LITERAL_NULL_CONVERSION = YES;
				CLANG_WARN_OBJC_LITERAL_CONVERSION = YES;
				CLANG_WARN_OBJC_ROOT_CLASS = YES_ERROR;
				CLANG_WARN_RANGE_LOOP_ANALYSIS = YES;
				CLANG_WARN_STRICT_PROTOTYPES = YES;
				CLANG_WARN_SUSPICIOUS_MOVE = YES;
				CLANG_WARN_UNGUARDED_AVAILABILITY = YES_AGGRESSIVE;
				CLANG_WARN_UNREACHABLE_CODE = YES;
				CLANG_WARN__DUPLICATE_METHOD_MATCH = YES;
				CODE_SIGN_IDENTITY = "iPhone Developer";
				COPY_PHASE_STRIP = NO;
				DEBUG_INFORMATION_FORMAT = dwarf;
				ENABLE_STRICT_OBJC_MSGSEND = YES;
				ENABLE_TESTABILITY = YES;
				GCC_C_LANGUAGE_STANDARD = gnu11;
				GCC_DYNAMIC_NO_PIC = NO;
				GCC_NO_COMMON_BLOCKS = YES;
				GCC_OPTIMIZATION_LEVEL = 0;
				GCC_PREPROCESSOR_DEFINITIONS = (
					"DEBUG=1",
					"$(inherited)",
				);
				GCC_WARN_64_TO_32_BIT_CONVERSION = YES;
				GCC_WARN_ABOUT_RETURN_TYPE = YES_ERROR;
				GCC_WARN_UNDECLARED_SELECTOR = YES;
				GCC_WARN_UNINITIALIZED_AUTOS = YES_AGGRESSIVE;
				GCC_WARN_UNUSED_FUNCTION = YES;
				GCC_WARN_UNUSED_VARIABLE = YES;
				IPHONEOS_DEPLOYMENT_TARGET = 11.0;
				MTL_ENABLE_DEBUG_INFO = YES;
				ONLY_ACTIVE_ARCH = YES;
				SDKROOT = iphoneos;
				SWIFT_ACTIVE_COMPILATION_CONDITIONS = DEBUG;
				SWIFT_OPTIMIZATION_LEVEL = "-Onone";
			};
			name = Debug;
		};
		FC8CB3241F99F27400E29DE7 /* Release */ = {
			isa = XCBuildConfiguration;
			buildSettings = {
				ALWAYS_SEARCH_USER_PATHS = NO;
				CLANG_ANALYZER_NONNULL = YES;
				CLANG_ANALYZER_NUMBER_OBJECT_CONVERSION = YES_AGGRESSIVE;
				CLANG_CXX_LANGUAGE_STANDARD = "gnu++14";
				CLANG_CXX_LIBRARY = "libc++";
				CLANG_ENABLE_MODULES = YES;
				CLANG_ENABLE_OBJC_ARC = YES;
				CLANG_WARN_BLOCK_CAPTURE_AUTORELEASING = YES;
				CLANG_WARN_BOOL_CONVERSION = YES;
				CLANG_WARN_COMMA = YES;
				CLANG_WARN_CONSTANT_CONVERSION = YES;
				CLANG_WARN_DIRECT_OBJC_ISA_USAGE = YES_ERROR;
				CLANG_WARN_DOCUMENTATION_COMMENTS = YES;
				CLANG_WARN_EMPTY_BODY = YES;
				CLANG_WARN_ENUM_CONVERSION = YES;
				CLANG_WARN_INFINITE_RECURSION = YES;
				CLANG_WARN_INT_CONVERSION = YES;
				CLANG_WARN_NON_LITERAL_NULL_CONVERSION = YES;
				CLANG_WARN_OBJC_LITERAL_CONVERSION = YES;
				CLANG_WARN_OBJC_ROOT_CLASS = YES_ERROR;
				CLANG_WARN_RANGE_LOOP_ANALYSIS = YES;
				CLANG_WARN_STRICT_PROTOTYPES = YES;
				CLANG_WARN_SUSPICIOUS_MOVE = YES;
				CLANG_WARN_UNGUARDED_AVAILABILITY = YES_AGGRESSIVE;
				CLANG_WARN_UNREACHABLE_CODE = YES;
				CLANG_WARN__DUPLICATE_METHOD_MATCH = YES;
				CODE_SIGN_IDENTITY = "iPhone Developer";
				COPY_PHASE_STRIP = NO;
				DEBUG_INFORMATION_FORMAT = "dwarf-with-dsym";
				ENABLE_NS_ASSERTIONS = NO;
				ENABLE_STRICT_OBJC_MSGSEND = YES;
				GCC_C_LANGUAGE_STANDARD = gnu11;
				GCC_NO_COMMON_BLOCKS = YES;
				GCC_WARN_64_TO_32_BIT_CONVERSION = YES;
				GCC_WARN_ABOUT_RETURN_TYPE = YES_ERROR;
				GCC_WARN_UNDECLARED_SELECTOR = YES;
				GCC_WARN_UNINITIALIZED_AUTOS = YES_AGGRESSIVE;
				GCC_WARN_UNUSED_FUNCTION = YES;
				GCC_WARN_UNUSED_VARIABLE = YES;
				IPHONEOS_DEPLOYMENT_TARGET = 11.0;
				MTL_ENABLE_DEBUG_INFO = NO;
				SDKROOT = iphoneos;
				SWIFT_OPTIMIZATION_LEVEL = "-Owholemodule";
				VALIDATE_PRODUCT = YES;
			};
			name = Release;
		};
		FC8CB3261F99F27400E29DE7 /* Debug */ = {
			isa = XCBuildConfiguration;
			baseConfigurationReference = D7877E665C8B5C7B3631A14C /* Pods-Mampf.debug.xcconfig */;
			buildSettings = {
				ASSETCATALOG_COMPILER_APPICON_NAME = AppIcon;
				CODE_SIGN_STYLE = Automatic;
				DEVELOPMENT_TEAM = 68TP5FT44S;
				INFOPLIST_FILE = "$(SRCROOT)/Info.plist";
				LD_RUNPATH_SEARCH_PATHS = "$(inherited) @executable_path/Frameworks";
				PRODUCT_BUNDLE_IDENTIFIER = com.arlette.Mampf;
				PRODUCT_NAME = "$(TARGET_NAME)";
				SWIFT_VERSION = 4.0;
				TARGETED_DEVICE_FAMILY = "1,2";
			};
			name = Debug;
		};
		FC8CB3271F99F27400E29DE7 /* Release */ = {
			isa = XCBuildConfiguration;
			baseConfigurationReference = E75B6AF85BD9A979A9AD5C1D /* Pods-Mampf.release.xcconfig */;
			buildSettings = {
				ASSETCATALOG_COMPILER_APPICON_NAME = AppIcon;
				CODE_SIGN_STYLE = Automatic;
				DEVELOPMENT_TEAM = 68TP5FT44S;
				INFOPLIST_FILE = "$(SRCROOT)/Info.plist";
				LD_RUNPATH_SEARCH_PATHS = "$(inherited) @executable_path/Frameworks";
				PRODUCT_BUNDLE_IDENTIFIER = com.arlette.Mampf;
				PRODUCT_NAME = "$(TARGET_NAME)";
				SWIFT_VERSION = 4.0;
				TARGETED_DEVICE_FAMILY = "1,2";
			};
			name = Release;
		};
/* End XCBuildConfiguration section */

/* Begin XCConfigurationList section */
		FC8CB30E1F99F27400E29DE7 /* Build configuration list for PBXProject "Mampf" */ = {
			isa = XCConfigurationList;
			buildConfigurations = (
				FC8CB3231F99F27400E29DE7 /* Debug */,
				FC8CB3241F99F27400E29DE7 /* Release */,
			);
			defaultConfigurationIsVisible = 0;
			defaultConfigurationName = Release;
		};
		FC8CB3251F99F27400E29DE7 /* Build configuration list for PBXNativeTarget "Mampf" */ = {
			isa = XCConfigurationList;
			buildConfigurations = (
				FC8CB3261F99F27400E29DE7 /* Debug */,
				FC8CB3271F99F27400E29DE7 /* Release */,
			);
			defaultConfigurationIsVisible = 0;
			defaultConfigurationName = Release;
		};
/* End XCConfigurationList section */
	};
	rootObject = FC8CB30B1F99F27400E29DE7 /* Project object */;
}
